// !$*UTF8*$!
{
	archiveVersion = 1;
	classes = {
	};
	objectVersion = 50;
	objects = {

/* Begin PBXBuildFile section */
		E8283C9422819512006BE853 /* AppDelegate.swift in Sources */ = {isa = PBXBuildFile; fileRef = E8283C9322819512006BE853 /* AppDelegate.swift */; };
		E8283C9622819512006BE853 /* ViewController.swift in Sources */ = {isa = PBXBuildFile; fileRef = E8283C9522819512006BE853 /* ViewController.swift */; };
		E8283C9922819512006BE853 /* Main.storyboard in Resources */ = {isa = PBXBuildFile; fileRef = E8283C9722819512006BE853 /* Main.storyboard */; };
		E8283C9B22819512006BE853 /* Assets.xcassets in Resources */ = {isa = PBXBuildFile; fileRef = E8283C9A22819512006BE853 /* Assets.xcassets */; };
		E8283C9E22819512006BE853 /* LaunchScreen.storyboard in Resources */ = {isa = PBXBuildFile; fileRef = E8283C9C22819512006BE853 /* LaunchScreen.storyboard */; };
		E8283CAE22819591006BE853 /* mixture.jpg in Resources */ = {isa = PBXBuildFile; fileRef = E8283CA522819591006BE853 /* mixture.jpg */; };
		E8283CB022819591006BE853 /* AGLKView.swift in Sources */ = {isa = PBXBuildFile; fileRef = E8283CA722819591006BE853 /* AGLKView.swift */; };
		E8283CB122819591006BE853 /* shaderf.glsl in Resources */ = {isa = PBXBuildFile; fileRef = E8283CA822819591006BE853 /* shaderf.glsl */; };
		E8283CB222819591006BE853 /* shaderv.glsl in Resources */ = {isa = PBXBuildFile; fileRef = E8283CA922819591006BE853 /* shaderv.glsl */; };
		E8283CB322819591006BE853 /* Vector.swift in Sources */ = {isa = PBXBuildFile; fileRef = E8283CAB22819591006BE853 /* Vector.swift */; };
		E8283CB422819591006BE853 /* Matrix.swift in Sources */ = {isa = PBXBuildFile; fileRef = E8283CAC22819591006BE853 /* Matrix.swift */; };
		E8283CB522819591006BE853 /* GLESUtils.swift in Sources */ = {isa = PBXBuildFile; fileRef = E8283CAD22819591006BE853 /* GLESUtils.swift */; };
		E8573B4322819EA800AF4B1B /* text.jpg in Resources */ = {isa = PBXBuildFile; fileRef = E8573B4222819EA800AF4B1B /* text.jpg */; };
/* End PBXBuildFile section */

/* Begin PBXFileReference section */
		E8283C9022819512006BE853 /* Tutorial-05-混合.app */ = {isa = PBXFileReference; explicitFileType = wrapper.application; includeInIndex = 0; path = "Tutorial-05-混合.app"; sourceTree = BUILT_PRODUCTS_DIR; };
		E8283C9322819512006BE853 /* AppDelegate.swift */ = {isa = PBXFileReference; lastKnownFileType = sourcecode.swift; path = AppDelegate.swift; sourceTree = "<group>"; };
		E8283C9522819512006BE853 /* ViewController.swift */ = {isa = PBXFileReference; lastKnownFileType = sourcecode.swift; path = ViewController.swift; sourceTree = "<group>"; };
		E8283C9822819512006BE853 /* Base */ = {isa = PBXFileReference; lastKnownFileType = file.storyboard; name = Base; path = Base.lproj/Main.storyboard; sourceTree = "<group>"; };
		E8283C9A22819512006BE853 /* Assets.xcassets */ = {isa = PBXFileReference; lastKnownFileType = folder.assetcatalog; path = Assets.xcassets; sourceTree = "<group>"; };
		E8283C9D22819512006BE853 /* Base */ = {isa = PBXFileReference; lastKnownFileType = file.storyboard; name = Base; path = Base.lproj/LaunchScreen.storyboard; sourceTree = "<group>"; };
		E8283C9F22819512006BE853 /* Info.plist */ = {isa = PBXFileReference; lastKnownFileType = text.plist.xml; path = Info.plist; sourceTree = "<group>"; };
		E8283CA522819591006BE853 /* mixture.jpg */ = {isa = PBXFileReference; lastKnownFileType = image.jpeg; path = mixture.jpg; sourceTree = "<group>"; };
		E8283CA722819591006BE853 /* AGLKView.swift */ = {isa = PBXFileReference; fileEncoding = 4; lastKnownFileType = sourcecode.swift; path = AGLKView.swift; sourceTree = "<group>"; };
		E8283CA822819591006BE853 /* shaderf.glsl */ = {isa = PBXFileReference; fileEncoding = 4; lastKnownFileType = text; path = shaderf.glsl; sourceTree = "<group>"; };
		E8283CA922819591006BE853 /* shaderv.glsl */ = {isa = PBXFileReference; fileEncoding = 4; lastKnownFileType = text; path = shaderv.glsl; sourceTree = "<group>"; };
		E8283CAB22819591006BE853 /* Vector.swift */ = {isa = PBXFileReference; fileEncoding = 4; lastKnownFileType = sourcecode.swift; path = Vector.swift; sourceTree = "<group>"; };
		E8283CAC22819591006BE853 /* Matrix.swift */ = {isa = PBXFileReference; fileEncoding = 4; lastKnownFileType = sourcecode.swift; path = Matrix.swift; sourceTree = "<group>"; };
		E8283CAD22819591006BE853 /* GLESUtils.swift */ = {isa = PBXFileReference; fileEncoding = 4; lastKnownFileType = sourcecode.swift; path = GLESUtils.swift; sourceTree = "<group>"; };
		E8573B4222819EA800AF4B1B /* text.jpg */ = {isa = PBXFileReference; lastKnownFileType = image.jpeg; path = text.jpg; sourceTree = "<group>"; };
/* End PBXFileReference section */

/* Begin PBXFrameworksBuildPhase section */
		E8283C8D22819512006BE853 /* Frameworks */ = {
			isa = PBXFrameworksBuildPhase;
			buildActionMask = 2147483647;
			files = (
			);
			runOnlyForDeploymentPostprocessing = 0;
		};
/* End PBXFrameworksBuildPhase section */

/* Begin PBXGroup section */
		E8283C8722819511006BE853 = {
			isa = PBXGroup;
			children = (
				E8283C9222819512006BE853 /* Tutorial-05-混合 */,
				E8283C9122819512006BE853 /* Products */,
			);
			sourceTree = "<group>";
		};
		E8283C9122819512006BE853 /* Products */ = {
			isa = PBXGroup;
			children = (
				E8283C9022819512006BE853 /* Tutorial-05-混合.app */,
			);
			name = Products;
			sourceTree = "<group>";
		};
		E8283C9222819512006BE853 /* Tutorial-05-混合 */ = {
			isa = PBXGroup;
			children = (
				E8573B4222819EA800AF4B1B /* text.jpg */,
				E8283CA522819591006BE853 /* mixture.jpg */,
				E8283CAA22819591006BE853 /* Utils */,
				E8283C9322819512006BE853 /* AppDelegate.swift */,
				E8283C9522819512006BE853 /* ViewController.swift */,
				E8283CA722819591006BE853 /* AGLKView.swift */,
				E8283CA822819591006BE853 /* shaderf.glsl */,
				E8283CA922819591006BE853 /* shaderv.glsl */,
				E8283C9722819512006BE853 /* Main.storyboard */,
				E8283C9A22819512006BE853 /* Assets.xcassets */,
				E8283C9C22819512006BE853 /* LaunchScreen.storyboard */,
				E8283C9F22819512006BE853 /* Info.plist */,
			);
			path = "Tutorial-05-混合";
			sourceTree = "<group>";
		};
		E8283CAA22819591006BE853 /* Utils */ = {
			isa = PBXGroup;
			children = (
				E8283CAB22819591006BE853 /* Vector.swift */,
				E8283CAC22819591006BE853 /* Matrix.swift */,
				E8283CAD22819591006BE853 /* GLESUtils.swift */,
			);
			path = Utils;
			sourceTree = "<group>";
		};
/* End PBXGroup section */

/* Begin PBXNativeTarget section */
		E8283C8F22819512006BE853 /* Tutorial-05-混合 */ = {
			isa = PBXNativeTarget;
			buildConfigurationList = E8283CA222819512006BE853 /* Build configuration list for PBXNativeTarget "Tutorial-05-混合" */;
			buildPhases = (
				E8283C8C22819512006BE853 /* Sources */,
				E8283C8D22819512006BE853 /* Frameworks */,
				E8283C8E22819512006BE853 /* Resources */,
			);
			buildRules = (
			);
			dependencies = (
			);
			name = "Tutorial-05-混合";
			productName = "Tutorial-05-混合";
			productReference = E8283C9022819512006BE853 /* Tutorial-05-混合.app */;
			productType = "com.apple.product-type.application";
		};
/* End PBXNativeTarget section */

/* Begin PBXProject section */
		E8283C8822819511006BE853 /* Project object */ = {
			isa = PBXProject;
			attributes = {
				LastSwiftUpdateCheck = 1020;
				LastUpgradeCheck = 1020;
				ORGANIZATIONNAME = "黎宁康";
				TargetAttributes = {
					E8283C8F22819512006BE853 = {
						CreatedOnToolsVersion = 10.2.1;
					};
				};
			};
			buildConfigurationList = E8283C8B22819511006BE853 /* Build configuration list for PBXProject "Tutorial-05-混合" */;
			compatibilityVersion = "Xcode 9.3";
			developmentRegion = en;
			hasScannedForEncodings = 0;
			knownRegions = (
				en,
				Base,
			);
			mainGroup = E8283C8722819511006BE853;
			productRefGroup = E8283C9122819512006BE853 /* Products */;
			projectDirPath = "";
			projectRoot = "";
			targets = (
				E8283C8F22819512006BE853 /* Tutorial-05-混合 */,
			);
		};
/* End PBXProject section */

/* Begin PBXResourcesBuildPhase section */
		E8283C8E22819512006BE853 /* Resources */ = {
			isa = PBXResourcesBuildPhase;
			buildActionMask = 2147483647;
			files = (
				E8573B4322819EA800AF4B1B /* text.jpg in Resources */,
				E8283CB222819591006BE853 /* shaderv.glsl in Resources */,
				E8283CAE22819591006BE853 /* mixture.jpg in Resources */,
				E8283C9E22819512006BE853 /* LaunchScreen.storyboard in Resources */,
				E8283C9B22819512006BE853 /* Assets.xcassets in Resources */,
				E8283C9922819512006BE853 /* Main.storyboard in Resources */,
				E8283CB122819591006BE853 /* shaderf.glsl in Resources */,
			);
			runOnlyForDeploymentPostprocessing = 0;
		};
/* End PBXResourcesBuildPhase section */

/* Begin PBXSourcesBuildPhase section */
		E8283C8C22819512006BE853 /* Sources */ = {
			isa = PBXSourcesBuildPhase;
			buildActionMask = 2147483647;
			files = (
				E8283C9622819512006BE853 /* ViewController.swift in Sources */,
				E8283CB422819591006BE853 /* Matrix.swift in Sources */,
				E8283C9422819512006BE853 /* AppDelegate.swift in Sources */,
				E8283CB322819591006BE853 /* Vector.swift in Sources */,
				E8283CB522819591006BE853 /* GLESUtils.swift in Sources */,
				E8283CB022819591006BE853 /* AGLKView.swift in Sources */,
			);
			runOnlyForDeploymentPostprocessing = 0;
		};
/* End PBXSourcesBuildPhase section */

/* Begin PBXVariantGroup section */
		E8283C9722819512006BE853 /* Main.storyboard */ = {
			isa = PBXVariantGroup;
			children = (
				E8283C9822819512006BE853 /* Base */,
			);
			name = Main.storyboard;
			sourceTree = "<group>";
		};
		E8283C9C22819512006BE853 /* LaunchScreen.storyboard */ = {
			isa = PBXVariantGroup;
			children = (
				E8283C9D22819512006BE853 /* Base */,
			);
			name = LaunchScreen.storyboard;
			sourceTree = "<group>";
		};
/* End PBXVariantGroup section */

/* Begin XCBuildConfiguration section */
		E8283CA022819512006BE853 /* Debug */ = {
			isa = XCBuildConfiguration;
			buildSettings = {
				ALWAYS_SEARCH_USER_PATHS = NO;
				CLANG_ANALYZER_NONNULL = YES;
				CLANG_ANALYZER_NUMBER_OBJECT_CONVERSION = YES_AGGRESSIVE;
				CLANG_CXX_LANGUAGE_STANDARD = "gnu++14";
				CLANG_CXX_LIBRARY = "libc++";
				CLANG_ENABLE_MODULES = YES;
				CLANG_ENABLE_OBJC_ARC = YES;
				CLANG_ENABLE_OBJC_WEAK = YES;
				CLANG_WARN_BLOCK_CAPTURE_AUTORELEASING = YES;
				CLANG_WARN_BOOL_CONVERSION = YES;
				CLANG_WARN_COMMA = YES;
				CLANG_WARN_CONSTANT_CONVERSION = YES;
				CLANG_WARN_DEPRECATED_OBJC_IMPLEMENTATIONS = YES;
				CLANG_WARN_DIRECT_OBJC_ISA_USAGE = YES_ERROR;
				CLANG_WARN_DOCUMENTATION_COMMENTS = YES;
				CLANG_WARN_EMPTY_BODY = YES;
				CLANG_WARN_ENUM_CONVERSION = YES;
				CLANG_WARN_INFINITE_RECURSION = YES;
				CLANG_WARN_INT_CONVERSION = YES;
				CLANG_WARN_NON_LITERAL_NULL_CONVERSION = YES;
				CLANG_WARN_OBJC_IMPLICIT_RETAIN_SELF = YES;
				CLANG_WARN_OBJC_LITERAL_CONVERSION = YES;
				CLANG_WARN_OBJC_ROOT_CLASS = YES_ERROR;
				CLANG_WARN_RANGE_LOOP_ANALYSIS = YES;
				CLANG_WARN_STRICT_PROTOTYPES = YES;
				CLANG_WARN_SUSPICIOUS_MOVE = YES;
				CLANG_WARN_UNGUARDED_AVAILABILITY = YES_AGGRESSIVE;
				CLANG_WARN_UNREACHABLE_CODE = YES;
				CLANG_WARN__DUPLICATE_METHOD_MATCH = YES;
				CODE_SIGN_IDENTITY = "iPhone Developer";
				COPY_PHASE_STRIP = NO;
				DEBUG_INFORMATION_FORMAT = dwarf;
				ENABLE_STRICT_OBJC_MSGSEND = YES;
				ENABLE_TESTABILITY = YES;
				GCC_C_LANGUAGE_STANDARD = gnu11;
				GCC_DYNAMIC_NO_PIC = NO;
				GCC_NO_COMMON_BLOCKS = YES;
				GCC_OPTIMIZATION_LEVEL = 0;
				GCC_PREPROCESSOR_DEFINITIONS = (
					"DEBUG=1",
					"$(inherited)",
				);
				GCC_WARN_64_TO_32_BIT_CONVERSION = YES;
				GCC_WARN_ABOUT_RETURN_TYPE = YES_ERROR;
				GCC_WARN_UNDECLARED_SELECTOR = YES;
				GCC_WARN_UNINITIALIZED_AUTOS = YES_AGGRESSIVE;
				GCC_WARN_UNUSED_FUNCTION = YES;
				GCC_WARN_UNUSED_VARIABLE = YES;
				IPHONEOS_DEPLOYMENT_TARGET = 12.2;
				MTL_ENABLE_DEBUG_INFO = INCLUDE_SOURCE;
				MTL_FAST_MATH = YES;
				ONLY_ACTIVE_ARCH = YES;
				SDKROOT = iphoneos;
				SWIFT_ACTIVE_COMPILATION_CONDITIONS = DEBUG;
				SWIFT_OPTIMIZATION_LEVEL = "-Onone";
			};
			name = Debug;
		};
		E8283CA122819512006BE853 /* Release */ = {
			isa = XCBuildConfiguration;
			buildSettings = {
				ALWAYS_SEARCH_USER_PATHS = NO;
				CLANG_ANALYZER_NONNULL = YES;
				CLANG_ANALYZER_NUMBER_OBJECT_CONVERSION = YES_AGGRESSIVE;
				CLANG_CXX_LANGUAGE_STANDARD = "gnu++14";
				CLANG_CXX_LIBRARY = "libc++";
				CLANG_ENABLE_MODULES = YES;
				CLANG_ENABLE_OBJC_ARC = YES;
				CLANG_ENABLE_OBJC_WEAK = YES;
				CLANG_WARN_BLOCK_CAPTURE_AUTORELEASING = YES;
				CLANG_WARN_BOOL_CONVERSION = YES;
				CLANG_WARN_COMMA = YES;
				CLANG_WARN_CONSTANT_CONVERSION = YES;
				CLANG_WARN_DEPRECATED_OBJC_IMPLEMENTATIONS = YES;
				CLANG_WARN_DIRECT_OBJC_ISA_USAGE = YES_ERROR;
				CLANG_WARN_DOCUMENTATION_COMMENTS = YES;
				CLANG_WARN_EMPTY_BODY = YES;
				CLANG_WARN_ENUM_CONVERSION = YES;
				CLANG_WARN_INFINITE_RECURSION = YES;
				CLANG_WARN_INT_CONVERSION = YES;
				CLANG_WARN_NON_LITERAL_NULL_CONVERSION = YES;
				CLANG_WARN_OBJC_IMPLICIT_RETAIN_SELF = YES;
				CLANG_WARN_OBJC_LITERAL_CONVERSION = YES;
				CLANG_WARN_OBJC_ROOT_CLASS = YES_ERROR;
				CLANG_WARN_RANGE_LOOP_ANALYSIS = YES;
				CLANG_WARN_STRICT_PROTOTYPES = YES;
				CLANG_WARN_SUSPICIOUS_MOVE = YES;
				CLANG_WARN_UNGUARDED_AVAILABILITY = YES_AGGRESSIVE;
				CLANG_WARN_UNREACHABLE_CODE = YES;
				CLANG_WARN__DUPLICATE_METHOD_MATCH = YES;
				CODE_SIGN_IDENTITY = "iPhone Developer";
				COPY_PHASE_STRIP = NO;
				DEBUG_INFORMATION_FORMAT = "dwarf-with-dsym";
				ENABLE_NS_ASSERTIONS = NO;
				ENABLE_STRICT_OBJC_MSGSEND = YES;
				GCC_C_LANGUAGE_STANDARD = gnu11;
				GCC_NO_COMMON_BLOCKS = YES;
				GCC_WARN_64_TO_32_BIT_CONVERSION = YES;
				GCC_WARN_ABOUT_RETURN_TYPE = YES_ERROR;
				GCC_WARN_UNDECLARED_SELECTOR = YES;
				GCC_WARN_UNINITIALIZED_AUTOS = YES_AGGRESSIVE;
				GCC_WARN_UNUSED_FUNCTION = YES;
				GCC_WARN_UNUSED_VARIABLE = YES;
				IPHONEOS_DEPLOYMENT_TARGET = 12.2;
				MTL_ENABLE_DEBUG_INFO = NO;
				MTL_FAST_MATH = YES;
				SDKROOT = iphoneos;
				SWIFT_COMPILATION_MODE = wholemodule;
				SWIFT_OPTIMIZATION_LEVEL = "-O";
				VALIDATE_PRODUCT = YES;
			};
			name = Release;
		};
		E8283CA322819512006BE853 /* Debug */ = {
			isa = XCBuildConfiguration;
			buildSettings = {
				ASSETCATALOG_COMPILER_APPICON_NAME = AppIcon;
				CODE_SIGN_STYLE = Automatic;
				INFOPLIST_FILE = "Tutorial-05-混合/Info.plist";
				IPHONEOS_DEPLOYMENT_TARGET = 10.0;
				LD_RUNPATH_SEARCH_PATHS = (
					"$(inherited)",
					"@executable_path/Frameworks",
				);
				PRODUCT_BUNDLE_IDENTIFIER = "mkiltech.com.Tutorial-05---";
				PRODUCT_NAME = "$(TARGET_NAME)";
				SWIFT_VERSION = 5.0;
				TARGETED_DEVICE_FAMILY = "1,2";
			};
			name = Debug;
		};
		E8283CA422819512006BE853 /* Release */ = {
			isa = XCBuildConfiguration;
			buildSettings = {
				ASSETCATALOG_COMPILER_APPICON_NAME = AppIcon;
				CODE_SIGN_STYLE = Automatic;
				INFOPLIST_FILE = "Tutorial-05-混合/Info.plist";
				IPHONEOS_DEPLOYMENT_TARGET = 10.0;
				LD_RUNPATH_SEARCH_PATHS = (
					"$(inherited)",
					"@executable_path/Frameworks",
				);
				PRODUCT_BUNDLE_IDENTIFIER = "mkiltech.com.Tutorial-05---";
				PRODUCT_NAME = "$(TARGET_NAME)";
				SWIFT_VERSION = 5.0;
				TARGETED_DEVICE_FAMILY = "1,2";
			};
			name = Release;
		};
/* End XCBuildConfiguration section */

/* Begin XCConfigurationList section */
		E8283C8B22819511006BE853 /* Build configuration list for PBXProject "Tutorial-05-混合" */ = {
			isa = XCConfigurationList;
			buildConfigurations = (
				E8283CA022819512006BE853 /* Debug */,
				E8283CA122819512006BE853 /* Release */,
			);
			defaultConfigurationIsVisible = 0;
			defaultConfigurationName = Release;
		};
		E8283CA222819512006BE853 /* Build configuration list for PBXNativeTarget "Tutorial-05-混合" */ = {
			isa = XCConfigurationList;
			buildConfigurations = (
				E8283CA322819512006BE853 /* Debug */,
				E8283CA422819512006BE853 /* Release */,
			);
			defaultConfigurationIsVisible = 0;
			defaultConfigurationName = Release;
		};
/* End XCConfigurationList section */
	};
	rootObject = E8283C8822819511006BE853 /* Project object */;
}
