// !$*UTF8*$!
{
	archiveVersion = 1;
	classes = {
	};
	objectVersion = 50;
	objects = {

/* Begin PBXBuildFile section */
		E861898322B9DDA600B40022 /* MaterialLoader.swift in Sources */ = {isa = PBXBuildFile; fileRef = E861898222B9DDA600B40022 /* MaterialLoader.swift */; };
		E861899622BA0AEC00B40022 /* Material.swift in Sources */ = {isa = PBXBuildFile; fileRef = E861899522BA0AEC00B40022 /* Material.swift */; };
		E87F635A22B8D11100959BD7 /* AppDelegate.swift in Sources */ = {isa = PBXBuildFile; fileRef = E87F635922B8D11100959BD7 /* AppDelegate.swift */; };
		E87F635C22B8D11100959BD7 /* ViewController.swift in Sources */ = {isa = PBXBuildFile; fileRef = E87F635B22B8D11100959BD7 /* ViewController.swift */; };
		E87F635F22B8D11100959BD7 /* Main.storyboard in Resources */ = {isa = PBXBuildFile; fileRef = E87F635D22B8D11100959BD7 /* Main.storyboard */; };
		E87F636122B8D11300959BD7 /* Assets.xcassets in Resources */ = {isa = PBXBuildFile; fileRef = E87F636022B8D11300959BD7 /* Assets.xcassets */; };
		E87F636422B8D11300959BD7 /* LaunchScreen.storyboard in Resources */ = {isa = PBXBuildFile; fileRef = E87F636222B8D11300959BD7 /* LaunchScreen.storyboard */; };
		E87F636E22B8D13700959BD7 /* GLKMatrix+Array.swift in Sources */ = {isa = PBXBuildFile; fileRef = E87F636C22B8D13700959BD7 /* GLKMatrix+Array.swift */; };
		E87F636F22B8D13700959BD7 /* GLESUtils.swift in Sources */ = {isa = PBXBuildFile; fileRef = E87F636D22B8D13700959BD7 /* GLESUtils.swift */; };
		E87F637422B8D15500959BD7 /* ArmoryHelper.swift in Sources */ = {isa = PBXBuildFile; fileRef = E87F637122B8D15500959BD7 /* ArmoryHelper.swift */; };
		E87F637522B8D15500959BD7 /* Scanner.swift in Sources */ = {isa = PBXBuildFile; fileRef = E87F637222B8D15500959BD7 /* Scanner.swift */; };
		E87F637622B8D15500959BD7 /* ObjLoader.swift in Sources */ = {isa = PBXBuildFile; fileRef = E87F637322B8D15500959BD7 /* ObjLoader.swift */; };
		E87F637B22B8D17700959BD7 /* key.obj in Resources */ = {isa = PBXBuildFile; fileRef = E87F637822B8D17700959BD7 /* key.obj */; };
		E87F637C22B8D17700959BD7 /* key.mtl in Resources */ = {isa = PBXBuildFile; fileRef = E87F637922B8D17700959BD7 /* key.mtl */; };
		E87F637D22B8D17700959BD7 /* key.bmp in Resources */ = {isa = PBXBuildFile; fileRef = E87F637A22B8D17700959BD7 /* key.bmp */; };
		E87F637F22B8D1B200959BD7 /* AGLKView.swift in Sources */ = {isa = PBXBuildFile; fileRef = E87F637E22B8D1B200959BD7 /* AGLKView.swift */; };
		E87F638222B8D45800959BD7 /* shaderv.glsl in Resources */ = {isa = PBXBuildFile; fileRef = E87F638122B8D45800959BD7 /* shaderv.glsl */; };
		E87F638422B8D47400959BD7 /* shaderf.glsl in Resources */ = {isa = PBXBuildFile; fileRef = E87F638322B8D47400959BD7 /* shaderf.glsl */; };
/* End PBXBuildFile section */

/* Begin PBXFileReference section */
		E861898222B9DDA600B40022 /* MaterialLoader.swift */ = {isa = PBXFileReference; lastKnownFileType = sourcecode.swift; path = MaterialLoader.swift; sourceTree = "<group>"; };
		E861899522BA0AEC00B40022 /* Material.swift */ = {isa = PBXFileReference; lastKnownFileType = sourcecode.swift; path = Material.swift; sourceTree = "<group>"; };
		E87F635622B8D11100959BD7 /* Toturial-09-obj.app */ = {isa = PBXFileReference; explicitFileType = wrapper.application; includeInIndex = 0; path = "Toturial-09-obj.app"; sourceTree = BUILT_PRODUCTS_DIR; };
		E87F635922B8D11100959BD7 /* AppDelegate.swift */ = {isa = PBXFileReference; lastKnownFileType = sourcecode.swift; path = AppDelegate.swift; sourceTree = "<group>"; };
		E87F635B22B8D11100959BD7 /* ViewController.swift */ = {isa = PBXFileReference; lastKnownFileType = sourcecode.swift; path = ViewController.swift; sourceTree = "<group>"; };
		E87F635E22B8D11100959BD7 /* Base */ = {isa = PBXFileReference; lastKnownFileType = file.storyboard; name = Base; path = Base.lproj/Main.storyboard; sourceTree = "<group>"; };
		E87F636022B8D11300959BD7 /* Assets.xcassets */ = {isa = PBXFileReference; lastKnownFileType = folder.assetcatalog; path = Assets.xcassets; sourceTree = "<group>"; };
		E87F636322B8D11300959BD7 /* Base */ = {isa = PBXFileReference; lastKnownFileType = file.storyboard; name = Base; path = Base.lproj/LaunchScreen.storyboard; sourceTree = "<group>"; };
		E87F636522B8D11300959BD7 /* Info.plist */ = {isa = PBXFileReference; lastKnownFileType = text.plist.xml; path = Info.plist; sourceTree = "<group>"; };
		E87F636C22B8D13700959BD7 /* GLKMatrix+Array.swift */ = {isa = PBXFileReference; fileEncoding = 4; lastKnownFileType = sourcecode.swift; path = "GLKMatrix+Array.swift"; sourceTree = "<group>"; };
		E87F636D22B8D13700959BD7 /* GLESUtils.swift */ = {isa = PBXFileReference; fileEncoding = 4; lastKnownFileType = sourcecode.swift; path = GLESUtils.swift; sourceTree = "<group>"; };
		E87F637122B8D15500959BD7 /* ArmoryHelper.swift */ = {isa = PBXFileReference; fileEncoding = 4; lastKnownFileType = sourcecode.swift; path = ArmoryHelper.swift; sourceTree = "<group>"; };
		E87F637222B8D15500959BD7 /* Scanner.swift */ = {isa = PBXFileReference; fileEncoding = 4; lastKnownFileType = sourcecode.swift; path = Scanner.swift; sourceTree = "<group>"; };
		E87F637322B8D15500959BD7 /* ObjLoader.swift */ = {isa = PBXFileReference; fileEncoding = 4; lastKnownFileType = sourcecode.swift; path = ObjLoader.swift; sourceTree = "<group>"; };
		E87F637822B8D17700959BD7 /* key.obj */ = {isa = PBXFileReference; fileEncoding = 4; lastKnownFileType = text; path = key.obj; sourceTree = "<group>"; };
		E87F637922B8D17700959BD7 /* key.mtl */ = {isa = PBXFileReference; fileEncoding = 4; lastKnownFileType = text; path = key.mtl; sourceTree = "<group>"; };
		E87F637A22B8D17700959BD7 /* key.bmp */ = {isa = PBXFileReference; lastKnownFileType = image.bmp; path = key.bmp; sourceTree = "<group>"; };
		E87F637E22B8D1B200959BD7 /* AGLKView.swift */ = {isa = PBXFileReference; lastKnownFileType = sourcecode.swift; path = AGLKView.swift; sourceTree = "<group>"; };
		E87F638122B8D45800959BD7 /* shaderv.glsl */ = {isa = PBXFileReference; lastKnownFileType = text; path = shaderv.glsl; sourceTree = "<group>"; };
		E87F638322B8D47400959BD7 /* shaderf.glsl */ = {isa = PBXFileReference; lastKnownFileType = text; path = shaderf.glsl; sourceTree = "<group>"; };
/* End PBXFileReference section */

/* Begin PBXFrameworksBuildPhase section */
		E87F635322B8D11100959BD7 /* Frameworks */ = {
			isa = PBXFrameworksBuildPhase;
			buildActionMask = 2147483647;
			files = (
			);
			runOnlyForDeploymentPostprocessing = 0;
		};
/* End PBXFrameworksBuildPhase section */

/* Begin PBXGroup section */
		E87F634D22B8D11100959BD7 = {
			isa = PBXGroup;
			children = (
				E87F635822B8D11100959BD7 /* Toturial-09-obj */,
				E87F635722B8D11100959BD7 /* Products */,
			);
			sourceTree = "<group>";
		};
		E87F635722B8D11100959BD7 /* Products */ = {
			isa = PBXGroup;
			children = (
				E87F635622B8D11100959BD7 /* Toturial-09-obj.app */,
			);
			name = Products;
			sourceTree = "<group>";
		};
		E87F635822B8D11100959BD7 /* Toturial-09-obj */ = {
			isa = PBXGroup;
			children = (
				E87F638022B8D3F900959BD7 /* Shader */,
				E87F637722B8D17700959BD7 /* Resources */,
				E87F637022B8D15500959BD7 /* ObjLoader */,
				E87F636B22B8D13700959BD7 /* Utils */,
				E87F635922B8D11100959BD7 /* AppDelegate.swift */,
				E87F635B22B8D11100959BD7 /* ViewController.swift */,
				E87F637E22B8D1B200959BD7 /* AGLKView.swift */,
				E87F635D22B8D11100959BD7 /* Main.storyboard */,
				E87F636022B8D11300959BD7 /* Assets.xcassets */,
				E87F636222B8D11300959BD7 /* LaunchScreen.storyboard */,
				E87F636522B8D11300959BD7 /* Info.plist */,
			);
			path = "Toturial-09-obj";
			sourceTree = "<group>";
		};
		E87F636B22B8D13700959BD7 /* Utils */ = {
			isa = PBXGroup;
			children = (
				E87F636C22B8D13700959BD7 /* GLKMatrix+Array.swift */,
				E87F636D22B8D13700959BD7 /* GLESUtils.swift */,
			);
			path = Utils;
			sourceTree = "<group>";
		};
		E87F637022B8D15500959BD7 /* ObjLoader */ = {
			isa = PBXGroup;
			children = (
				E87F637122B8D15500959BD7 /* ArmoryHelper.swift */,
				E87F637222B8D15500959BD7 /* Scanner.swift */,
				E87F637322B8D15500959BD7 /* ObjLoader.swift */,
				E861898222B9DDA600B40022 /* MaterialLoader.swift */,
				E861899522BA0AEC00B40022 /* Material.swift */,
			);
			path = ObjLoader;
			sourceTree = "<group>";
		};
		E87F637722B8D17700959BD7 /* Resources */ = {
			isa = PBXGroup;
			children = (
				E87F637822B8D17700959BD7 /* key.obj */,
				E87F637922B8D17700959BD7 /* key.mtl */,
				E87F637A22B8D17700959BD7 /* key.bmp */,
			);
			path = Resources;
			sourceTree = "<group>";
		};
		E87F638022B8D3F900959BD7 /* Shader */ = {
			isa = PBXGroup;
			children = (
				E87F638122B8D45800959BD7 /* shaderv.glsl */,
				E87F638322B8D47400959BD7 /* shaderf.glsl */,
			);
			path = Shader;
			sourceTree = "<group>";
		};
/* End PBXGroup section */

/* Begin PBXNativeTarget section */
		E87F635522B8D11100959BD7 /* Toturial-09-obj */ = {
			isa = PBXNativeTarget;
			buildConfigurationList = E87F636822B8D11300959BD7 /* Build configuration list for PBXNativeTarget "Toturial-09-obj" */;
			buildPhases = (
				E87F635222B8D11100959BD7 /* Sources */,
				E87F635322B8D11100959BD7 /* Frameworks */,
				E87F635422B8D11100959BD7 /* Resources */,
			);
			buildRules = (
			);
			dependencies = (
			);
			name = "Toturial-09-obj";
			productName = "Toturial-09-obj";
			productReference = E87F635622B8D11100959BD7 /* Toturial-09-obj.app */;
			productType = "com.apple.product-type.application";
		};
/* End PBXNativeTarget section */

/* Begin PBXProject section */
		E87F634E22B8D11100959BD7 /* Project object */ = {
			isa = PBXProject;
			attributes = {
				LastSwiftUpdateCheck = 1020;
				LastUpgradeCheck = 1020;
				ORGANIZATIONNAME = "黎宁康";
				TargetAttributes = {
					E87F635522B8D11100959BD7 = {
						CreatedOnToolsVersion = 10.2.1;
					};
				};
			};
			buildConfigurationList = E87F635122B8D11100959BD7 /* Build configuration list for PBXProject "Toturial-09-obj" */;
			compatibilityVersion = "Xcode 9.3";
			developmentRegion = en;
			hasScannedForEncodings = 0;
			knownRegions = (
				en,
				Base,
			);
			mainGroup = E87F634D22B8D11100959BD7;
			productRefGroup = E87F635722B8D11100959BD7 /* Products */;
			projectDirPath = "";
			projectRoot = "";
			targets = (
				E87F635522B8D11100959BD7 /* Toturial-09-obj */,
			);
		};
/* End PBXProject section */

/* Begin PBXResourcesBuildPhase section */
		E87F635422B8D11100959BD7 /* Resources */ = {
			isa = PBXResourcesBuildPhase;
			buildActionMask = 2147483647;
			files = (
				E87F637C22B8D17700959BD7 /* key.mtl in Resources */,
				E87F638422B8D47400959BD7 /* shaderf.glsl in Resources */,
				E87F638222B8D45800959BD7 /* shaderv.glsl in Resources */,
				E87F636422B8D11300959BD7 /* LaunchScreen.storyboard in Resources */,
				E87F637B22B8D17700959BD7 /* key.obj in Resources */,
				E87F637D22B8D17700959BD7 /* key.bmp in Resources */,
				E87F636122B8D11300959BD7 /* Assets.xcassets in Resources */,
				E87F635F22B8D11100959BD7 /* Main.storyboard in Resources */,
			);
			runOnlyForDeploymentPostprocessing = 0;
		};
/* End PBXResourcesBuildPhase section */

/* Begin PBXSourcesBuildPhase section */
		E87F635222B8D11100959BD7 /* Sources */ = {
			isa = PBXSourcesBuildPhase;
			buildActionMask = 2147483647;
			files = (
				E861899622BA0AEC00B40022 /* Material.swift in Sources */,
				E87F636E22B8D13700959BD7 /* GLKMatrix+Array.swift in Sources */,
				E87F635C22B8D11100959BD7 /* ViewController.swift in Sources */,
				E87F637422B8D15500959BD7 /* ArmoryHelper.swift in Sources */,
				E87F637F22B8D1B200959BD7 /* AGLKView.swift in Sources */,
				E87F636F22B8D13700959BD7 /* GLESUtils.swift in Sources */,
				E861898322B9DDA600B40022 /* MaterialLoader.swift in Sources */,
				E87F637622B8D15500959BD7 /* ObjLoader.swift in Sources */,
				E87F637522B8D15500959BD7 /* Scanner.swift in Sources */,
				E87F635A22B8D11100959BD7 /* AppDelegate.swift in Sources */,
			);
			runOnlyForDeploymentPostprocessing = 0;
		};
/* End PBXSourcesBuildPhase section */

/* Begin PBXVariantGroup section */
		E87F635D22B8D11100959BD7 /* Main.storyboard */ = {
			isa = PBXVariantGroup;
			children = (
				E87F635E22B8D11100959BD7 /* Base */,
			);
			name = Main.storyboard;
			sourceTree = "<group>";
		};
		E87F636222B8D11300959BD7 /* LaunchScreen.storyboard */ = {
			isa = PBXVariantGroup;
			children = (
				E87F636322B8D11300959BD7 /* Base */,
			);
			name = LaunchScreen.storyboard;
			sourceTree = "<group>";
		};
/* End PBXVariantGroup section */

/* Begin XCBuildConfiguration section */
		E87F636622B8D11300959BD7 /* Debug */ = {
			isa = XCBuildConfiguration;
			buildSettings = {
				ALWAYS_SEARCH_USER_PATHS = NO;
				CLANG_ANALYZER_NONNULL = YES;
				CLANG_ANALYZER_NUMBER_OBJECT_CONVERSION = YES_AGGRESSIVE;
				CLANG_CXX_LANGUAGE_STANDARD = "gnu++14";
				CLANG_CXX_LIBRARY = "libc++";
				CLANG_ENABLE_MODULES = YES;
				CLANG_ENABLE_OBJC_ARC = YES;
				CLANG_ENABLE_OBJC_WEAK = YES;
				CLANG_WARN_BLOCK_CAPTURE_AUTORELEASING = YES;
				CLANG_WARN_BOOL_CONVERSION = YES;
				CLANG_WARN_COMMA = YES;
				CLANG_WARN_CONSTANT_CONVERSION = YES;
				CLANG_WARN_DEPRECATED_OBJC_IMPLEMENTATIONS = YES;
				CLANG_WARN_DIRECT_OBJC_ISA_USAGE = YES_ERROR;
				CLANG_WARN_DOCUMENTATION_COMMENTS = YES;
				CLANG_WARN_EMPTY_BODY = YES;
				CLANG_WARN_ENUM_CONVERSION = YES;
				CLANG_WARN_INFINITE_RECURSION = YES;
				CLANG_WARN_INT_CONVERSION = YES;
				CLANG_WARN_NON_LITERAL_NULL_CONVERSION = YES;
				CLANG_WARN_OBJC_IMPLICIT_RETAIN_SELF = YES;
				CLANG_WARN_OBJC_LITERAL_CONVERSION = YES;
				CLANG_WARN_OBJC_ROOT_CLASS = YES_ERROR;
				CLANG_WARN_RANGE_LOOP_ANALYSIS = YES;
				CLANG_WARN_STRICT_PROTOTYPES = YES;
				CLANG_WARN_SUSPICIOUS_MOVE = YES;
				CLANG_WARN_UNGUARDED_AVAILABILITY = YES_AGGRESSIVE;
				CLANG_WARN_UNREACHABLE_CODE = YES;
				CLANG_WARN__DUPLICATE_METHOD_MATCH = YES;
				CODE_SIGN_IDENTITY = "iPhone Developer";
				COPY_PHASE_STRIP = NO;
				DEBUG_INFORMATION_FORMAT = dwarf;
				ENABLE_STRICT_OBJC_MSGSEND = YES;
				ENABLE_TESTABILITY = YES;
				GCC_C_LANGUAGE_STANDARD = gnu11;
				GCC_DYNAMIC_NO_PIC = NO;
				GCC_NO_COMMON_BLOCKS = YES;
				GCC_OPTIMIZATION_LEVEL = 0;
				GCC_PREPROCESSOR_DEFINITIONS = (
					"DEBUG=1",
					"$(inherited)",
				);
				GCC_WARN_64_TO_32_BIT_CONVERSION = YES;
				GCC_WARN_ABOUT_RETURN_TYPE = YES_ERROR;
				GCC_WARN_UNDECLARED_SELECTOR = YES;
				GCC_WARN_UNINITIALIZED_AUTOS = YES_AGGRESSIVE;
				GCC_WARN_UNUSED_FUNCTION = YES;
				GCC_WARN_UNUSED_VARIABLE = YES;
				IPHONEOS_DEPLOYMENT_TARGET = 12.2;
				MTL_ENABLE_DEBUG_INFO = INCLUDE_SOURCE;
				MTL_FAST_MATH = YES;
				ONLY_ACTIVE_ARCH = YES;
				SDKROOT = iphoneos;
				SWIFT_ACTIVE_COMPILATION_CONDITIONS = DEBUG;
				SWIFT_OPTIMIZATION_LEVEL = "-Onone";
			};
			name = Debug;
		};
		E87F636722B8D11300959BD7 /* Release */ = {
			isa = XCBuildConfiguration;
			buildSettings = {
				ALWAYS_SEARCH_USER_PATHS = NO;
				CLANG_ANALYZER_NONNULL = YES;
				CLANG_ANALYZER_NUMBER_OBJECT_CONVERSION = YES_AGGRESSIVE;
				CLANG_CXX_LANGUAGE_STANDARD = "gnu++14";
				CLANG_CXX_LIBRARY = "libc++";
				CLANG_ENABLE_MODULES = YES;
				CLANG_ENABLE_OBJC_ARC = YES;
				CLANG_ENABLE_OBJC_WEAK = YES;
				CLANG_WARN_BLOCK_CAPTURE_AUTORELEASING = YES;
				CLANG_WARN_BOOL_CONVERSION = YES;
				CLANG_WARN_COMMA = YES;
				CLANG_WARN_CONSTANT_CONVERSION = YES;
				CLANG_WARN_DEPRECATED_OBJC_IMPLEMENTATIONS = YES;
				CLANG_WARN_DIRECT_OBJC_ISA_USAGE = YES_ERROR;
				CLANG_WARN_DOCUMENTATION_COMMENTS = YES;
				CLANG_WARN_EMPTY_BODY = YES;
				CLANG_WARN_ENUM_CONVERSION = YES;
				CLANG_WARN_INFINITE_RECURSION = YES;
				CLANG_WARN_INT_CONVERSION = YES;
				CLANG_WARN_NON_LITERAL_NULL_CONVERSION = YES;
				CLANG_WARN_OBJC_IMPLICIT_RETAIN_SELF = YES;
				CLANG_WARN_OBJC_LITERAL_CONVERSION = YES;
				CLANG_WARN_OBJC_ROOT_CLASS = YES_ERROR;
				CLANG_WARN_RANGE_LOOP_ANALYSIS = YES;
				CLANG_WARN_STRICT_PROTOTYPES = YES;
				CLANG_WARN_SUSPICIOUS_MOVE = YES;
				CLANG_WARN_UNGUARDED_AVAILABILITY = YES_AGGRESSIVE;
				CLANG_WARN_UNREACHABLE_CODE = YES;
				CLANG_WARN__DUPLICATE_METHOD_MATCH = YES;
				CODE_SIGN_IDENTITY = "iPhone Developer";
				COPY_PHASE_STRIP = NO;
				DEBUG_INFORMATION_FORMAT = "dwarf-with-dsym";
				ENABLE_NS_ASSERTIONS = NO;
				ENABLE_STRICT_OBJC_MSGSEND = YES;
				GCC_C_LANGUAGE_STANDARD = gnu11;
				GCC_NO_COMMON_BLOCKS = YES;
				GCC_WARN_64_TO_32_BIT_CONVERSION = YES;
				GCC_WARN_ABOUT_RETURN_TYPE = YES_ERROR;
				GCC_WARN_UNDECLARED_SELECTOR = YES;
				GCC_WARN_UNINITIALIZED_AUTOS = YES_AGGRESSIVE;
				GCC_WARN_UNUSED_FUNCTION = YES;
				GCC_WARN_UNUSED_VARIABLE = YES;
				IPHONEOS_DEPLOYMENT_TARGET = 12.2;
				MTL_ENABLE_DEBUG_INFO = NO;
				MTL_FAST_MATH = YES;
				SDKROOT = iphoneos;
				SWIFT_COMPILATION_MODE = wholemodule;
				SWIFT_OPTIMIZATION_LEVEL = "-O";
				VALIDATE_PRODUCT = YES;
			};
			name = Release;
		};
		E87F636922B8D11300959BD7 /* Debug */ = {
			isa = XCBuildConfiguration;
			buildSettings = {
				ASSETCATALOG_COMPILER_APPICON_NAME = AppIcon;
				CODE_SIGN_STYLE = Automatic;
				DEVELOPMENT_TEAM = 89T2JY57JE;
				INFOPLIST_FILE = "Toturial-09-obj/Info.plist";
				IPHONEOS_DEPLOYMENT_TARGET = 10.0;
				LD_RUNPATH_SEARCH_PATHS = (
					"$(inherited)",
					"@executable_path/Frameworks",
				);
				PRODUCT_BUNDLE_IDENTIFIER = "mkiltech.com.Toturial-09-obj";
				PRODUCT_NAME = "$(TARGET_NAME)";
				SWIFT_VERSION = 5.0;
				TARGETED_DEVICE_FAMILY = "1,2";
			};
			name = Debug;
		};
		E87F636A22B8D11300959BD7 /* Release */ = {
			isa = XCBuildConfiguration;
			buildSettings = {
				ASSETCATALOG_COMPILER_APPICON_NAME = AppIcon;
				CODE_SIGN_STYLE = Automatic;
				DEVELOPMENT_TEAM = 89T2JY57JE;
				INFOPLIST_FILE = "Toturial-09-obj/Info.plist";
				IPHONEOS_DEPLOYMENT_TARGET = 10.0;
				LD_RUNPATH_SEARCH_PATHS = (
					"$(inherited)",
					"@executable_path/Frameworks",
				);
				PRODUCT_BUNDLE_IDENTIFIER = "mkiltech.com.Toturial-09-obj";
				PRODUCT_NAME = "$(TARGET_NAME)";
				SWIFT_VERSION = 5.0;
				TARGETED_DEVICE_FAMILY = "1,2";
			};
			name = Release;
		};
/* End XCBuildConfiguration section */

/* Begin XCConfigurationList section */
		E87F635122B8D11100959BD7 /* Build configuration list for PBXProject "Toturial-09-obj" */ = {
			isa = XCConfigurationList;
			buildConfigurations = (
				E87F636622B8D11300959BD7 /* Debug */,
				E87F636722B8D11300959BD7 /* Release */,
			);
			defaultConfigurationIsVisible = 0;
			defaultConfigurationName = Release;
		};
		E87F636822B8D11300959BD7 /* Build configuration list for PBXNativeTarget "Toturial-09-obj" */ = {
			isa = XCConfigurationList;
			buildConfigurations = (
				E87F636922B8D11300959BD7 /* Debug */,
				E87F636A22B8D11300959BD7 /* Release */,
			);
			defaultConfigurationIsVisible = 0;
			defaultConfigurationName = Release;
		};
/* End XCConfigurationList section */
	};
	rootObject = E87F634E22B8D11100959BD7 /* Project object */;
}
