// !$*UTF8*$!
{
	archiveVersion = 1;
	classes = {
	};
	objectVersion = 50;
	objects = {

/* Begin PBXBuildFile section */
		E8203C6F22803CDE00E57664 /* AppDelegate.swift in Sources */ = {isa = PBXBuildFile; fileRef = E8203C6E22803CDE00E57664 /* AppDelegate.swift */; };
		E8203C7122803CDE00E57664 /* ViewController.swift in Sources */ = {isa = PBXBuildFile; fileRef = E8203C7022803CDE00E57664 /* ViewController.swift */; };
		E8203C7422803CDE00E57664 /* Main.storyboard in Resources */ = {isa = PBXBuildFile; fileRef = E8203C7222803CDE00E57664 /* Main.storyboard */; };
		E8203C7622803CDF00E57664 /* Assets.xcassets in Resources */ = {isa = PBXBuildFile; fileRef = E8203C7522803CDF00E57664 /* Assets.xcassets */; };
		E8203C7922803CDF00E57664 /* LaunchScreen.storyboard in Resources */ = {isa = PBXBuildFile; fileRef = E8203C7722803CDF00E57664 /* LaunchScreen.storyboard */; };
		E8203C8522803D4200E57664 /* Vector.swift in Sources */ = {isa = PBXBuildFile; fileRef = E8203C8222803D4100E57664 /* Vector.swift */; };
		E8203C8622803D4200E57664 /* Matrix.swift in Sources */ = {isa = PBXBuildFile; fileRef = E8203C8322803D4100E57664 /* Matrix.swift */; };
		E8203C8722803D4200E57664 /* GLESUtils.swift in Sources */ = {isa = PBXBuildFile; fileRef = E8203C8422803D4100E57664 /* GLESUtils.swift */; };
/* End PBXBuildFile section */

/* Begin PBXFileReference section */
		E8203C6B22803CDE00E57664 /* Tutorial-06-天空盒.app */ = {isa = PBXFileReference; explicitFileType = wrapper.application; includeInIndex = 0; path = "Tutorial-06-天空盒.app"; sourceTree = BUILT_PRODUCTS_DIR; };
		E8203C6E22803CDE00E57664 /* AppDelegate.swift */ = {isa = PBXFileReference; lastKnownFileType = sourcecode.swift; path = AppDelegate.swift; sourceTree = "<group>"; };
		E8203C7022803CDE00E57664 /* ViewController.swift */ = {isa = PBXFileReference; lastKnownFileType = sourcecode.swift; path = ViewController.swift; sourceTree = "<group>"; };
		E8203C7322803CDE00E57664 /* Base */ = {isa = PBXFileReference; lastKnownFileType = file.storyboard; name = Base; path = Base.lproj/Main.storyboard; sourceTree = "<group>"; };
		E8203C7522803CDF00E57664 /* Assets.xcassets */ = {isa = PBXFileReference; lastKnownFileType = folder.assetcatalog; path = Assets.xcassets; sourceTree = "<group>"; };
		E8203C7822803CDF00E57664 /* Base */ = {isa = PBXFileReference; lastKnownFileType = file.storyboard; name = Base; path = Base.lproj/LaunchScreen.storyboard; sourceTree = "<group>"; };
		E8203C7A22803CDF00E57664 /* Info.plist */ = {isa = PBXFileReference; lastKnownFileType = text.plist.xml; path = Info.plist; sourceTree = "<group>"; };
		E8203C8222803D4100E57664 /* Vector.swift */ = {isa = PBXFileReference; fileEncoding = 4; lastKnownFileType = sourcecode.swift; path = Vector.swift; sourceTree = "<group>"; };
		E8203C8322803D4100E57664 /* Matrix.swift */ = {isa = PBXFileReference; fileEncoding = 4; lastKnownFileType = sourcecode.swift; path = Matrix.swift; sourceTree = "<group>"; };
		E8203C8422803D4100E57664 /* GLESUtils.swift */ = {isa = PBXFileReference; fileEncoding = 4; lastKnownFileType = sourcecode.swift; path = GLESUtils.swift; sourceTree = "<group>"; };
/* End PBXFileReference section */

/* Begin PBXFrameworksBuildPhase section */
		E8203C6822803CDE00E57664 /* Frameworks */ = {
			isa = PBXFrameworksBuildPhase;
			buildActionMask = 2147483647;
			files = (
			);
			runOnlyForDeploymentPostprocessing = 0;
		};
/* End PBXFrameworksBuildPhase section */

/* Begin PBXGroup section */
		E8203C6222803CDE00E57664 = {
			isa = PBXGroup;
			children = (
				E8203C6D22803CDE00E57664 /* Tutorial-06-天空盒 */,
				E8203C6C22803CDE00E57664 /* Products */,
			);
			sourceTree = "<group>";
		};
		E8203C6C22803CDE00E57664 /* Products */ = {
			isa = PBXGroup;
			children = (
				E8203C6B22803CDE00E57664 /* Tutorial-06-天空盒.app */,
			);
			name = Products;
			sourceTree = "<group>";
		};
		E8203C6D22803CDE00E57664 /* Tutorial-06-天空盒 */ = {
			isa = PBXGroup;
			children = (
				E8203C8122803D4100E57664 /* Utils */,
				E8203C8022803CE600E57664 /* modeling */,
				E8203C6E22803CDE00E57664 /* AppDelegate.swift */,
				E8203C7022803CDE00E57664 /* ViewController.swift */,
				E8203C7222803CDE00E57664 /* Main.storyboard */,
				E8203C7522803CDF00E57664 /* Assets.xcassets */,
				E8203C7722803CDF00E57664 /* LaunchScreen.storyboard */,
				E8203C7A22803CDF00E57664 /* Info.plist */,
			);
			path = "Tutorial-06-天空盒";
			sourceTree = "<group>";
		};
		E8203C8022803CE600E57664 /* modeling */ = {
			isa = PBXGroup;
			children = (
			);
			path = modeling;
			sourceTree = "<group>";
		};
		E8203C8122803D4100E57664 /* Utils */ = {
			isa = PBXGroup;
			children = (
				E8203C8222803D4100E57664 /* Vector.swift */,
				E8203C8322803D4100E57664 /* Matrix.swift */,
				E8203C8422803D4100E57664 /* GLESUtils.swift */,
			);
			path = Utils;
			sourceTree = "<group>";
		};
/* End PBXGroup section */

/* Begin PBXNativeTarget section */
		E8203C6A22803CDE00E57664 /* Tutorial-06-天空盒 */ = {
			isa = PBXNativeTarget;
			buildConfigurationList = E8203C7D22803CDF00E57664 /* Build configuration list for PBXNativeTarget "Tutorial-06-天空盒" */;
			buildPhases = (
				E8203C6722803CDE00E57664 /* Sources */,
				E8203C6822803CDE00E57664 /* Frameworks */,
				E8203C6922803CDE00E57664 /* Resources */,
			);
			buildRules = (
			);
			dependencies = (
			);
			name = "Tutorial-06-天空盒";
			productName = "Tutorial-06-天空盒";
			productReference = E8203C6B22803CDE00E57664 /* Tutorial-06-天空盒.app */;
			productType = "com.apple.product-type.application";
		};
/* End PBXNativeTarget section */

/* Begin PBXProject section */
		E8203C6322803CDE00E57664 /* Project object */ = {
			isa = PBXProject;
			attributes = {
				LastSwiftUpdateCheck = 1020;
				LastUpgradeCheck = 1020;
				ORGANIZATIONNAME = "黎宁康";
				TargetAttributes = {
					E8203C6A22803CDE00E57664 = {
						CreatedOnToolsVersion = 10.2.1;
					};
				};
			};
			buildConfigurationList = E8203C6622803CDE00E57664 /* Build configuration list for PBXProject "Tutorial-06-天空盒" */;
			compatibilityVersion = "Xcode 9.3";
			developmentRegion = en;
			hasScannedForEncodings = 0;
			knownRegions = (
				en,
				Base,
			);
			mainGroup = E8203C6222803CDE00E57664;
			productRefGroup = E8203C6C22803CDE00E57664 /* Products */;
			projectDirPath = "";
			projectRoot = "";
			targets = (
				E8203C6A22803CDE00E57664 /* Tutorial-06-天空盒 */,
			);
		};
/* End PBXProject section */

/* Begin PBXResourcesBuildPhase section */
		E8203C6922803CDE00E57664 /* Resources */ = {
			isa = PBXResourcesBuildPhase;
			buildActionMask = 2147483647;
			files = (
				E8203C7922803CDF00E57664 /* LaunchScreen.storyboard in Resources */,
				E8203C7622803CDF00E57664 /* Assets.xcassets in Resources */,
				E8203C7422803CDE00E57664 /* Main.storyboard in Resources */,
			);
			runOnlyForDeploymentPostprocessing = 0;
		};
/* End PBXResourcesBuildPhase section */

/* Begin PBXSourcesBuildPhase section */
		E8203C6722803CDE00E57664 /* Sources */ = {
			isa = PBXSourcesBuildPhase;
			buildActionMask = 2147483647;
			files = (
				E8203C8722803D4200E57664 /* GLESUtils.swift in Sources */,
				E8203C8622803D4200E57664 /* Matrix.swift in Sources */,
				E8203C7122803CDE00E57664 /* ViewController.swift in Sources */,
				E8203C8522803D4200E57664 /* Vector.swift in Sources */,
				E8203C6F22803CDE00E57664 /* AppDelegate.swift in Sources */,
			);
			runOnlyForDeploymentPostprocessing = 0;
		};
/* End PBXSourcesBuildPhase section */

/* Begin PBXVariantGroup section */
		E8203C7222803CDE00E57664 /* Main.storyboard */ = {
			isa = PBXVariantGroup;
			children = (
				E8203C7322803CDE00E57664 /* Base */,
			);
			name = Main.storyboard;
			sourceTree = "<group>";
		};
		E8203C7722803CDF00E57664 /* LaunchScreen.storyboard */ = {
			isa = PBXVariantGroup;
			children = (
				E8203C7822803CDF00E57664 /* Base */,
			);
			name = LaunchScreen.storyboard;
			sourceTree = "<group>";
		};
/* End PBXVariantGroup section */

/* Begin XCBuildConfiguration section */
		E8203C7B22803CDF00E57664 /* Debug */ = {
			isa = XCBuildConfiguration;
			buildSettings = {
				ALWAYS_SEARCH_USER_PATHS = NO;
				CLANG_ANALYZER_NONNULL = YES;
				CLANG_ANALYZER_NUMBER_OBJECT_CONVERSION = YES_AGGRESSIVE;
				CLANG_CXX_LANGUAGE_STANDARD = "gnu++14";
				CLANG_CXX_LIBRARY = "libc++";
				CLANG_ENABLE_MODULES = YES;
				CLANG_ENABLE_OBJC_ARC = YES;
				CLANG_ENABLE_OBJC_WEAK = YES;
				CLANG_WARN_BLOCK_CAPTURE_AUTORELEASING = YES;
				CLANG_WARN_BOOL_CONVERSION = YES;
				CLANG_WARN_COMMA = YES;
				CLANG_WARN_CONSTANT_CONVERSION = YES;
				CLANG_WARN_DEPRECATED_OBJC_IMPLEMENTATIONS = YES;
				CLANG_WARN_DIRECT_OBJC_ISA_USAGE = YES_ERROR;
				CLANG_WARN_DOCUMENTATION_COMMENTS = YES;
				CLANG_WARN_EMPTY_BODY = YES;
				CLANG_WARN_ENUM_CONVERSION = YES;
				CLANG_WARN_INFINITE_RECURSION = YES;
				CLANG_WARN_INT_CONVERSION = YES;
				CLANG_WARN_NON_LITERAL_NULL_CONVERSION = YES;
				CLANG_WARN_OBJC_IMPLICIT_RETAIN_SELF = YES;
				CLANG_WARN_OBJC_LITERAL_CONVERSION = YES;
				CLANG_WARN_OBJC_ROOT_CLASS = YES_ERROR;
				CLANG_WARN_RANGE_LOOP_ANALYSIS = YES;
				CLANG_WARN_STRICT_PROTOTYPES = YES;
				CLANG_WARN_SUSPICIOUS_MOVE = YES;
				CLANG_WARN_UNGUARDED_AVAILABILITY = YES_AGGRESSIVE;
				CLANG_WARN_UNREACHABLE_CODE = YES;
				CLANG_WARN__DUPLICATE_METHOD_MATCH = YES;
				CODE_SIGN_IDENTITY = "iPhone Developer";
				COPY_PHASE_STRIP = NO;
				DEBUG_INFORMATION_FORMAT = dwarf;
				ENABLE_STRICT_OBJC_MSGSEND = YES;
				ENABLE_TESTABILITY = YES;
				GCC_C_LANGUAGE_STANDARD = gnu11;
				GCC_DYNAMIC_NO_PIC = NO;
				GCC_NO_COMMON_BLOCKS = YES;
				GCC_OPTIMIZATION_LEVEL = 0;
				GCC_PREPROCESSOR_DEFINITIONS = (
					"DEBUG=1",
					"$(inherited)",
				);
				GCC_WARN_64_TO_32_BIT_CONVERSION = YES;
				GCC_WARN_ABOUT_RETURN_TYPE = YES_ERROR;
				GCC_WARN_UNDECLARED_SELECTOR = YES;
				GCC_WARN_UNINITIALIZED_AUTOS = YES_AGGRESSIVE;
				GCC_WARN_UNUSED_FUNCTION = YES;
				GCC_WARN_UNUSED_VARIABLE = YES;
				IPHONEOS_DEPLOYMENT_TARGET = 12.2;
				MTL_ENABLE_DEBUG_INFO = INCLUDE_SOURCE;
				MTL_FAST_MATH = YES;
				ONLY_ACTIVE_ARCH = YES;
				SDKROOT = iphoneos;
				SWIFT_ACTIVE_COMPILATION_CONDITIONS = DEBUG;
				SWIFT_OPTIMIZATION_LEVEL = "-Onone";
			};
			name = Debug;
		};
		E8203C7C22803CDF00E57664 /* Release */ = {
			isa = XCBuildConfiguration;
			buildSettings = {
				ALWAYS_SEARCH_USER_PATHS = NO;
				CLANG_ANALYZER_NONNULL = YES;
				CLANG_ANALYZER_NUMBER_OBJECT_CONVERSION = YES_AGGRESSIVE;
				CLANG_CXX_LANGUAGE_STANDARD = "gnu++14";
				CLANG_CXX_LIBRARY = "libc++";
				CLANG_ENABLE_MODULES = YES;
				CLANG_ENABLE_OBJC_ARC = YES;
				CLANG_ENABLE_OBJC_WEAK = YES;
				CLANG_WARN_BLOCK_CAPTURE_AUTORELEASING = YES;
				CLANG_WARN_BOOL_CONVERSION = YES;
				CLANG_WARN_COMMA = YES;
				CLANG_WARN_CONSTANT_CONVERSION = YES;
				CLANG_WARN_DEPRECATED_OBJC_IMPLEMENTATIONS = YES;
				CLANG_WARN_DIRECT_OBJC_ISA_USAGE = YES_ERROR;
				CLANG_WARN_DOCUMENTATION_COMMENTS = YES;
				CLANG_WARN_EMPTY_BODY = YES;
				CLANG_WARN_ENUM_CONVERSION = YES;
				CLANG_WARN_INFINITE_RECURSION = YES;
				CLANG_WARN_INT_CONVERSION = YES;
				CLANG_WARN_NON_LITERAL_NULL_CONVERSION = YES;
				CLANG_WARN_OBJC_IMPLICIT_RETAIN_SELF = YES;
				CLANG_WARN_OBJC_LITERAL_CONVERSION = YES;
				CLANG_WARN_OBJC_ROOT_CLASS = YES_ERROR;
				CLANG_WARN_RANGE_LOOP_ANALYSIS = YES;
				CLANG_WARN_STRICT_PROTOTYPES = YES;
				CLANG_WARN_SUSPICIOUS_MOVE = YES;
				CLANG_WARN_UNGUARDED_AVAILABILITY = YES_AGGRESSIVE;
				CLANG_WARN_UNREACHABLE_CODE = YES;
				CLANG_WARN__DUPLICATE_METHOD_MATCH = YES;
				CODE_SIGN_IDENTITY = "iPhone Developer";
				COPY_PHASE_STRIP = NO;
				DEBUG_INFORMATION_FORMAT = "dwarf-with-dsym";
				ENABLE_NS_ASSERTIONS = NO;
				ENABLE_STRICT_OBJC_MSGSEND = YES;
				GCC_C_LANGUAGE_STANDARD = gnu11;
				GCC_NO_COMMON_BLOCKS = YES;
				GCC_WARN_64_TO_32_BIT_CONVERSION = YES;
				GCC_WARN_ABOUT_RETURN_TYPE = YES_ERROR;
				GCC_WARN_UNDECLARED_SELECTOR = YES;
				GCC_WARN_UNINITIALIZED_AUTOS = YES_AGGRESSIVE;
				GCC_WARN_UNUSED_FUNCTION = YES;
				GCC_WARN_UNUSED_VARIABLE = YES;
				IPHONEOS_DEPLOYMENT_TARGET = 12.2;
				MTL_ENABLE_DEBUG_INFO = NO;
				MTL_FAST_MATH = YES;
				SDKROOT = iphoneos;
				SWIFT_COMPILATION_MODE = wholemodule;
				SWIFT_OPTIMIZATION_LEVEL = "-O";
				VALIDATE_PRODUCT = YES;
			};
			name = Release;
		};
		E8203C7E22803CDF00E57664 /* Debug */ = {
			isa = XCBuildConfiguration;
			buildSettings = {
				ASSETCATALOG_COMPILER_APPICON_NAME = AppIcon;
				CODE_SIGN_STYLE = Automatic;
				INFOPLIST_FILE = "Tutorial-06-天空盒/Info.plist";
				LD_RUNPATH_SEARCH_PATHS = (
					"$(inherited)",
					"@executable_path/Frameworks",
				);
				PRODUCT_BUNDLE_IDENTIFIER = "mkiltech.com.Tutorial-06----";
				PRODUCT_NAME = "$(TARGET_NAME)";
				SWIFT_VERSION = 5.0;
				TARGETED_DEVICE_FAMILY = "1,2";
			};
			name = Debug;
		};
		E8203C7F22803CDF00E57664 /* Release */ = {
			isa = XCBuildConfiguration;
			buildSettings = {
				ASSETCATALOG_COMPILER_APPICON_NAME = AppIcon;
				CODE_SIGN_STYLE = Automatic;
				INFOPLIST_FILE = "Tutorial-06-天空盒/Info.plist";
				LD_RUNPATH_SEARCH_PATHS = (
					"$(inherited)",
					"@executable_path/Frameworks",
				);
				PRODUCT_BUNDLE_IDENTIFIER = "mkiltech.com.Tutorial-06----";
				PRODUCT_NAME = "$(TARGET_NAME)";
				SWIFT_VERSION = 5.0;
				TARGETED_DEVICE_FAMILY = "1,2";
			};
			name = Release;
		};
/* End XCBuildConfiguration section */

/* Begin XCConfigurationList section */
		E8203C6622803CDE00E57664 /* Build configuration list for PBXProject "Tutorial-06-天空盒" */ = {
			isa = XCConfigurationList;
			buildConfigurations = (
				E8203C7B22803CDF00E57664 /* Debug */,
				E8203C7C22803CDF00E57664 /* Release */,
			);
			defaultConfigurationIsVisible = 0;
			defaultConfigurationName = Release;
		};
		E8203C7D22803CDF00E57664 /* Build configuration list for PBXNativeTarget "Tutorial-06-天空盒" */ = {
			isa = XCConfigurationList;
			buildConfigurations = (
				E8203C7E22803CDF00E57664 /* Debug */,
				E8203C7F22803CDF00E57664 /* Release */,
			);
			defaultConfigurationIsVisible = 0;
			defaultConfigurationName = Release;
		};
/* End XCConfigurationList section */
	};
	rootObject = E8203C6322803CDE00E57664 /* Project object */;
}
